
Microsoft Visual Studio Solution File, Format Version 12.00
# Visual Studio Version 17
VisualStudioVersion = 17.13.35931.197 d17.13
MinimumVisualStudioVersion = 10.0.40219.1
Project("{FAE04EC0-301F-11D3-BF4B-00C04F79EFBC}") = "Ejercicios", "Ejercicios\Ejercicios.csproj", "{F4799E6A-BE3C-4D3C-8D2A-6BEECC7B01FC}"
EndProject
Project("{FAE04EC0-301F-11D3-BF4B-00C04F79EFBC}") = "Ejercicios.Pruebas", "Ejercicios.Pruebas\Ejercicios.Pruebas.csproj", "{847259D0-66D8-4EBD-96F6-B4CF3E25A231}"
EndProject
Global
	GlobalSection(SolutionConfigurationPlatforms) = preSolution
		Debug|Any CPU = Debug|Any CPU
		Release|Any CPU = Release|Any CPU
	EndGlobalSection
	GlobalSection(ProjectConfigurationPlatforms) = postSolution
		{F4799E6A-BE3C-4D3C-8D2A-6BEECC7B01FC}.Debug|Any CPU.ActiveCfg = Debug|Any CPU
		{F4799E6A-BE3C-4D3C-8D2A-6BEECC7B01FC}.Debug|Any CPU.Build.0 = Debug|Any CPU
		{F4799E6A-BE3C-4D3C-8D2A-6BEECC7B01FC}.Release|Any CPU.ActiveCfg = Release|Any CPU
		{F4799E6A-BE3C-4D3C-8D2A-6BEECC7B01FC}.Release|Any CPU.Build.0 = Release|Any CPU
		{847259D0-66D8-4EBD-96F6-B4CF3E25A231}.Debug|Any CPU.ActiveCfg = Debug|Any CPU
		{847259D0-66D8-4EBD-96F6-B4CF3E25A231}.Debug|Any CPU.Build.0 = Debug|Any CPU
		{847259D0-66D8-4EBD-96F6-B4CF3E25A231}.Release|Any CPU.ActiveCfg = Release|Any CPU
		{847259D0-66D8-4EBD-96F6-B4CF3E25A231}.Release|Any CPU.Build.0 = Release|Any CPU
	EndGlobalSection
	GlobalSection(SolutionProperties) = preSolution
		HideSolutionNode = FALSE
	EndGlobalSection
	GlobalSection(ExtensibilityGlobals) = postSolution
		SolutionGuid = {BD0F923A-6890-47E5-9BE5-30E55E13CA60}
	EndGlobalSection
EndGlobal
